
Microsoft Visual Studio Solution File, Format Version 12.00
# Visual Studio Version 16
VisualStudioVersion = 16.0.33214.272
MinimumVisualStudioVersion = 10.0.40219.1
Project("{8BC9CEB8-8B4A-11D0-8D11-00A0C91BC942}") = "zad8", "zad8.vcxproj", "{C97D15B6-4DA5-41FE-8C9A-CB82954875BE}"
EndProject
Global
	GlobalSection(SolutionConfigurationPlatforms) = preSolution
		Debug|x64 = Debug|x64
		Debug|x86 = Debug|x86
		Release|x64 = Release|x64
		Release|x86 = Release|x86
	EndGlobalSection
	GlobalSection(ProjectConfigurationPlatforms) = postSolution
		{C97D15B6-4DA5-41FE-8C9A-CB82954875BE}.Debug|x64.ActiveCfg = Debug|x64
		{C97D15B6-4DA5-41FE-8C9A-CB82954875BE}.Debug|x64.Build.0 = Debug|x64
		{C97D15B6-4DA5-41FE-8C9A-CB82954875BE}.Debug|x86.ActiveCfg = Debug|Win32
		{C97D15B6-4DA5-41FE-8C9A-CB82954875BE}.Debug|x86.Build.0 = Debug|Win32
		{C97D15B6-4DA5-41FE-8C9A-CB82954875BE}.Release|x64.ActiveCfg = Release|x64
		{C97D15B6-4DA5-41FE-8C9A-CB82954875BE}.Release|x64.Build.0 = Release|x64
		{C97D15B6-4DA5-41FE-8C9A-CB82954875BE}.Release|x86.ActiveCfg = Release|Win32
		{C97D15B6-4DA5-41FE-8C9A-CB82954875BE}.Release|x86.Build.0 = Release|Win32
	EndGlobalSection
	GlobalSection(SolutionProperties) = preSolution
		HideSolutionNode = FALSE
	EndGlobalSection
	GlobalSection(ExtensibilityGlobals) = postSolution
		SolutionGuid = {E09BC8E0-01D9-407C-8086-4263F8685F29}
	EndGlobalSection
EndGlobal
